# This file is automatically @generated by Cargo.
# It is not intended for manual editing.
[[package]]
name = "bitflags"
version = "1.2.1"
source = "registry+https://github.com/rust-lang/crates.io-index"

[[package]]
name = "bitmaps"
version = "2.1.0"
source = "registry+https://github.com/rust-lang/crates.io-index"
dependencies = [
 "typenum 1.12.0 (registry+https://github.com/rust-lang/crates.io-index)",
]

[[package]]
name = "cadmium"
version = "0.1.0"
dependencies = [
 "im-rc 15.0.0 (registry+https://github.com/rust-lang/crates.io-index)",
 "nom 4.2.3 (registry+https://github.com/rust-lang/crates.io-index)",
 "rustyline 7.1.0 (registry+https://github.com/rust-lang/crates.io-index)",
]

[[package]]
name = "cc"
version = "1.0.29"
source = "registry+https://github.com/rust-lang/crates.io-index"

[[package]]
name = "cfg-if"
version = "0.1.6"
source = "registry+https://github.com/rust-lang/crates.io-index"

[[package]]
name = "cfg-if"
version = "1.0.0"
source = "registry+https://github.com/rust-lang/crates.io-index"

[[package]]
name = "dirs-next"
version = "2.0.0"
source = "registry+https://github.com/rust-lang/crates.io-index"
dependencies = [
 "cfg-if 1.0.0 (registry+https://github.com/rust-lang/crates.io-index)",
 "dirs-sys-next 0.1.2 (registry+https://github.com/rust-lang/crates.io-index)",
]

[[package]]
name = "dirs-sys-next"
version = "0.1.2"
source = "registry+https://github.com/rust-lang/crates.io-index"
dependencies = [
 "libc 0.2.82 (registry+https://github.com/rust-lang/crates.io-index)",
 "redox_users 0.4.0 (registry+https://github.com/rust-lang/crates.io-index)",
 "winapi 0.3.6 (registry+https://github.com/rust-lang/crates.io-index)",
]

[[package]]
name = "fs2"
version = "0.4.3"
source = "registry+https://github.com/rust-lang/crates.io-index"
dependencies = [
 "libc 0.2.82 (registry+https://github.com/rust-lang/crates.io-index)",
 "winapi 0.3.6 (registry+https://github.com/rust-lang/crates.io-index)",
]

[[package]]
name = "getrandom"
version = "0.2.1"
source = "registry+https://github.com/rust-lang/crates.io-index"
dependencies = [
 "cfg-if 1.0.0 (registry+https://github.com/rust-lang/crates.io-index)",
 "libc 0.2.82 (registry+https://github.com/rust-lang/crates.io-index)",
 "wasi 0.10.1+wasi-snapshot-preview1 (registry+https://github.com/rust-lang/crates.io-index)",
]

[[package]]
name = "im-rc"
version = "15.0.0"
source = "registry+https://github.com/rust-lang/crates.io-index"
dependencies = [
 "bitmaps 2.1.0 (registry+https://github.com/rust-lang/crates.io-index)",
 "rand_core 0.5.1 (registry+https://github.com/rust-lang/crates.io-index)",
 "rand_xoshiro 0.4.0 (registry+https://github.com/rust-lang/crates.io-index)",
 "sized-chunks 0.6.2 (registry+https://github.com/rust-lang/crates.io-index)",
 "typenum 1.12.0 (registry+https://github.com/rust-lang/crates.io-index)",
 "version_check 0.9.2 (registry+https://github.com/rust-lang/crates.io-index)",
]

[[package]]
name = "libc"
version = "0.2.82"
source = "registry+https://github.com/rust-lang/crates.io-index"

[[package]]
name = "log"
version = "0.4.6"
source = "registry+https://github.com/rust-lang/crates.io-index"
dependencies = [
 "cfg-if 0.1.6 (registry+https://github.com/rust-lang/crates.io-index)",
]

[[package]]
name = "memchr"
version = "2.1.3"
source = "registry+https://github.com/rust-lang/crates.io-index"
dependencies = [
 "cfg-if 0.1.6 (registry+https://github.com/rust-lang/crates.io-index)",
 "libc 0.2.82 (registry+https://github.com/rust-lang/crates.io-index)",
]

[[package]]
name = "nix"
version = "0.19.1"
source = "registry+https://github.com/rust-lang/crates.io-index"
dependencies = [
 "bitflags 1.2.1 (registry+https://github.com/rust-lang/crates.io-index)",
 "cc 1.0.29 (registry+https://github.com/rust-lang/crates.io-index)",
 "cfg-if 1.0.0 (registry+https://github.com/rust-lang/crates.io-index)",
 "libc 0.2.82 (registry+https://github.com/rust-lang/crates.io-index)",
]

[[package]]
name = "nom"
version = "4.2.3"
source = "registry+https://github.com/rust-lang/crates.io-index"
dependencies = [
 "memchr 2.1.3 (registry+https://github.com/rust-lang/crates.io-index)",
 "version_check 0.1.5 (registry+https://github.com/rust-lang/crates.io-index)",
]

[[package]]
name = "rand_core"
version = "0.5.1"
source = "registry+https://github.com/rust-lang/crates.io-index"

[[package]]
name = "rand_xoshiro"
version = "0.4.0"
source = "registry+https://github.com/rust-lang/crates.io-index"
dependencies = [
 "rand_core 0.5.1 (registry+https://github.com/rust-lang/crates.io-index)",
]

[[package]]
name = "redox_syscall"
version = "0.2.4"
source = "registry+https://github.com/rust-lang/crates.io-index"
dependencies = [
 "bitflags 1.2.1 (registry+https://github.com/rust-lang/crates.io-index)",
]

[[package]]
name = "redox_users"
version = "0.4.0"
source = "registry+https://github.com/rust-lang/crates.io-index"
dependencies = [
 "getrandom 0.2.1 (registry+https://github.com/rust-lang/crates.io-index)",
 "redox_syscall 0.2.4 (registry+https://github.com/rust-lang/crates.io-index)",
]

[[package]]
name = "rustyline"
version = "7.1.0"
source = "registry+https://github.com/rust-lang/crates.io-index"
dependencies = [
 "bitflags 1.2.1 (registry+https://github.com/rust-lang/crates.io-index)",
 "cfg-if 1.0.0 (registry+https://github.com/rust-lang/crates.io-index)",
 "dirs-next 2.0.0 (registry+https://github.com/rust-lang/crates.io-index)",
 "fs2 0.4.3 (registry+https://github.com/rust-lang/crates.io-index)",
 "libc 0.2.82 (registry+https://github.com/rust-lang/crates.io-index)",
 "log 0.4.6 (registry+https://github.com/rust-lang/crates.io-index)",
 "memchr 2.1.3 (registry+https://github.com/rust-lang/crates.io-index)",
 "nix 0.19.1 (registry+https://github.com/rust-lang/crates.io-index)",
 "scopeguard 1.1.0 (registry+https://github.com/rust-lang/crates.io-index)",
 "unicode-segmentation 1.2.1 (registry+https://github.com/rust-lang/crates.io-index)",
 "unicode-width 0.1.5 (registry+https://github.com/rust-lang/crates.io-index)",
 "utf8parse 0.2.0 (registry+https://github.com/rust-lang/crates.io-index)",
 "winapi 0.3.6 (registry+https://github.com/rust-lang/crates.io-index)",
]

[[package]]
name = "scopeguard"
version = "1.1.0"
source = "registry+https://github.com/rust-lang/crates.io-index"

[[package]]
name = "sized-chunks"
version = "0.6.2"
source = "registry+https://github.com/rust-lang/crates.io-index"
dependencies = [
 "bitmaps 2.1.0 (registry+https://github.com/rust-lang/crates.io-index)",
 "typenum 1.12.0 (registry+https://github.com/rust-lang/crates.io-index)",
]

[[package]]
name = "typenum"
version = "1.12.0"
source = "registry+https://github.com/rust-lang/crates.io-index"

[[package]]
name = "unicode-segmentation"
version = "1.2.1"
source = "registry+https://github.com/rust-lang/crates.io-index"

[[package]]
name = "unicode-width"
version = "0.1.5"
source = "registry+https://github.com/rust-lang/crates.io-index"

[[package]]
name = "utf8parse"
version = "0.2.0"
source = "registry+https://github.com/rust-lang/crates.io-index"

[[package]]
name = "version_check"
version = "0.1.5"
source = "registry+https://github.com/rust-lang/crates.io-index"

[[package]]
name = "version_check"
version = "0.9.2"
source = "registry+https://github.com/rust-lang/crates.io-index"

[[package]]
name = "wasi"
version = "0.10.1+wasi-snapshot-preview1"
source = "registry+https://github.com/rust-lang/crates.io-index"

[[package]]
name = "winapi"
version = "0.3.6"
source = "registry+https://github.com/rust-lang/crates.io-index"
dependencies = [
 "winapi-i686-pc-windows-gnu 0.4.0 (registry+https://github.com/rust-lang/crates.io-index)",
 "winapi-x86_64-pc-windows-gnu 0.4.0 (registry+https://github.com/rust-lang/crates.io-index)",
]

[[package]]
name = "winapi-i686-pc-windows-gnu"
version = "0.4.0"
source = "registry+https://github.com/rust-lang/crates.io-index"

[[package]]
name = "winapi-x86_64-pc-windows-gnu"
version = "0.4.0"
source = "registry+https://github.com/rust-lang/crates.io-index"

[metadata]
"checksum bitflags 1.2.1 (registry+https://github.com/rust-lang/crates.io-index)" = "cf1de2fe8c75bc145a2f577add951f8134889b4795d47466a54a5c846d691693"
"checksum bitmaps 2.1.0 (registry+https://github.com/rust-lang/crates.io-index)" = "031043d04099746d8db04daf1fa424b2bc8bd69d92b25962dcde24da39ab64a2"
"checksum cc 1.0.29 (registry+https://github.com/rust-lang/crates.io-index)" = "4390a3b5f4f6bce9c1d0c00128379df433e53777fdd30e92f16a529332baec4e"
"checksum cfg-if 0.1.6 (registry+https://github.com/rust-lang/crates.io-index)" = "082bb9b28e00d3c9d39cc03e64ce4cea0f1bb9b3fde493f0cbc008472d22bdf4"
"checksum cfg-if 1.0.0 (registry+https://github.com/rust-lang/crates.io-index)" = "baf1de4339761588bc0619e3cbc0120ee582ebb74b53b4efbf79117bd2da40fd"
"checksum dirs-next 2.0.0 (registry+https://github.com/rust-lang/crates.io-index)" = "b98cf8ebf19c3d1b223e151f99a4f9f0690dca41414773390fc824184ac833e1"
"checksum dirs-sys-next 0.1.2 (registry+https://github.com/rust-lang/crates.io-index)" = "4ebda144c4fe02d1f7ea1a7d9641b6fc6b580adcfa024ae48797ecdeb6825b4d"
"checksum fs2 0.4.3 (registry+https://github.com/rust-lang/crates.io-index)" = "9564fc758e15025b46aa6643b1b77d047d1a56a1aea6e01002ac0c7026876213"
"checksum getrandom 0.2.1 (registry+https://github.com/rust-lang/crates.io-index)" = "4060f4657be78b8e766215b02b18a2e862d83745545de804638e2b545e81aee6"
"checksum im-rc 15.0.0 (registry+https://github.com/rust-lang/crates.io-index)" = "3ca8957e71f04a205cb162508f9326aea04676c8dfd0711220190d6b83664f3f"
"checksum libc 0.2.82 (registry+https://github.com/rust-lang/crates.io-index)" = "89203f3fba0a3795506acaad8ebce3c80c0af93f994d5a1d7a0b1eeb23271929"
"checksum log 0.4.6 (registry+https://github.com/rust-lang/crates.io-index)" = "c84ec4b527950aa83a329754b01dbe3f58361d1c5efacd1f6d68c494d08a17c6"
"checksum memchr 2.1.3 (registry+https://github.com/rust-lang/crates.io-index)" = "e1dd4eaac298c32ce07eb6ed9242eda7d82955b9170b7d6db59b2e02cc63fcb8"
"checksum nix 0.19.1 (registry+https://github.com/rust-lang/crates.io-index)" = "b2ccba0cfe4fdf15982d1674c69b1fd80bad427d293849982668dfe454bd61f2"
"checksum nom 4.2.3 (registry+https://github.com/rust-lang/crates.io-index)" = "2ad2a91a8e869eeb30b9cb3119ae87773a8f4ae617f41b1eb9c154b2905f7bd6"
"checksum rand_core 0.5.1 (registry+https://github.com/rust-lang/crates.io-index)" = "90bde5296fc891b0cef12a6d03ddccc162ce7b2aff54160af9338f8d40df6d19"
"checksum rand_xoshiro 0.4.0 (registry+https://github.com/rust-lang/crates.io-index)" = "a9fcdd2e881d02f1d9390ae47ad8e5696a9e4be7b547a1da2afbc61973217004"
"checksum redox_syscall 0.2.4 (registry+https://github.com/rust-lang/crates.io-index)" = "05ec8ca9416c5ea37062b502703cd7fcb207736bc294f6e0cf367ac6fc234570"
"checksum redox_users 0.4.0 (registry+https://github.com/rust-lang/crates.io-index)" = "528532f3d801c87aec9def2add9ca802fe569e44a544afe633765267840abe64"
"checksum rustyline 7.1.0 (registry+https://github.com/rust-lang/crates.io-index)" = "8227301bfc717136f0ecbd3d064ba8199e44497a0bdd46bb01ede4387cfd2cec"
"checksum scopeguard 1.1.0 (registry+https://github.com/rust-lang/crates.io-index)" = "d29ab0c6d3fc0ee92fe66e2d99f700eab17a8d57d1c1d3b748380fb20baa78cd"
"checksum sized-chunks 0.6.2 (registry+https://github.com/rust-lang/crates.io-index)" = "1ec31ceca5644fa6d444cc77548b88b67f46db6f7c71683b0f9336e671830d2f"
"checksum typenum 1.12.0 (registry+https://github.com/rust-lang/crates.io-index)" = "373c8a200f9e67a0c95e62a4f52fbf80c23b4381c05a17845531982fa99e6b33"
"checksum unicode-segmentation 1.2.1 (registry+https://github.com/rust-lang/crates.io-index)" = "aa6024fc12ddfd1c6dbc14a80fa2324d4568849869b779f6bd37e5e4c03344d1"
"checksum unicode-width 0.1.5 (registry+https://github.com/rust-lang/crates.io-index)" = "882386231c45df4700b275c7ff55b6f3698780a650026380e72dabe76fa46526"
"checksum utf8parse 0.2.0 (registry+https://github.com/rust-lang/crates.io-index)" = "936e4b492acfd135421d8dca4b1aa80a7bfc26e702ef3af710e0752684df5372"
"checksum version_check 0.1.5 (registry+https://github.com/rust-lang/crates.io-index)" = "914b1a6776c4c929a602fafd8bc742e06365d4bcbe48c30f9cca5824f70dc9dd"
"checksum version_check 0.9.2 (registry+https://github.com/rust-lang/crates.io-index)" = "b5a972e5669d67ba988ce3dc826706fb0a8b01471c088cb0b6110b805cc36aed"
"checksum wasi 0.10.1+wasi-snapshot-preview1 (registry+https://github.com/rust-lang/crates.io-index)" = "93c6c3420963c5c64bca373b25e77acb562081b9bb4dd5bb864187742186cea9"
"checksum winapi 0.3.6 (registry+https://github.com/rust-lang/crates.io-index)" = "92c1eb33641e276cfa214a0522acad57be5c56b10cb348b3c5117db75f3ac4b0"
"checksum winapi-i686-pc-windows-gnu 0.4.0 (registry+https://github.com/rust-lang/crates.io-index)" = "ac3b87c63620426dd9b991e5ce0329eff545bccbbb34f3be09ff6fb6ab51b7b6"
"checksum winapi-x86_64-pc-windows-gnu 0.4.0 (registry+https://github.com/rust-lang/crates.io-index)" = "712e227841d057c1ee1cd2fb22fa7e5a5461ae8e48fa2ca79ec42cfc1931183f"
